
Microsoft Visual Studio Solution File, Format Version 12.00
# Visual Studio 15
Project("{FAE04EC0-301F-11D3-BF4B-00C04F79EFBC}") = "BaiTapSQLite.Android", "BaiTapSQLite.Android\BaiTapSQLite.Android.csproj", "{DD34C4C8-67DA-44AD-BE4D-5C5C76C07AE3}"
EndProject
Project("{FAE04EC0-301F-11D3-BF4B-00C04F79EFBC}") = "BaiTapSQLite.iOS", "BaiTapSQLite.iOS\BaiTapSQLite.iOS.csproj", "{27A884A1-71BC-43CE-B17B-69325B84A41A}"
EndProject
Project("{FAE04EC0-301F-11D3-BF4B-00C04F79EFBC}") = "BaiTapSQLite", "BaiTapSQLite\BaiTapSQLite.csproj", "{9E1D85B4-E09F-446B-879A-AE6CFE6BE665}"
EndProject
Global
	GlobalSection(SolutionConfigurationPlatforms) = preSolution
		Debug|Any CPU = Debug|Any CPU
		Release|Any CPU = Release|Any CPU
		Debug|iPhoneSimulator = Debug|iPhoneSimulator
		Release|iPhoneSimulator = Release|iPhoneSimulator
		Debug|iPhone = Debug|iPhone
		Release|iPhone = Release|iPhone
	EndGlobalSection
	GlobalSection(ProjectConfigurationPlatforms) = postSolution
		{DD34C4C8-67DA-44AD-BE4D-5C5C76C07AE3}.Debug|Any CPU.ActiveCfg = Debug|Any CPU
		{DD34C4C8-67DA-44AD-BE4D-5C5C76C07AE3}.Debug|Any CPU.Build.0 = Debug|Any CPU
		{DD34C4C8-67DA-44AD-BE4D-5C5C76C07AE3}.Release|Any CPU.ActiveCfg = Release|Any CPU
		{DD34C4C8-67DA-44AD-BE4D-5C5C76C07AE3}.Release|Any CPU.Build.0 = Release|Any CPU
		{DD34C4C8-67DA-44AD-BE4D-5C5C76C07AE3}.Debug|iPhoneSimulator.ActiveCfg = Debug|Any CPU
		{DD34C4C8-67DA-44AD-BE4D-5C5C76C07AE3}.Debug|iPhoneSimulator.Build.0 = Debug|Any CPU
		{DD34C4C8-67DA-44AD-BE4D-5C5C76C07AE3}.Release|iPhoneSimulator.ActiveCfg = Release|Any CPU
		{DD34C4C8-67DA-44AD-BE4D-5C5C76C07AE3}.Release|iPhoneSimulator.Build.0 = Release|Any CPU
		{DD34C4C8-67DA-44AD-BE4D-5C5C76C07AE3}.Debug|iPhone.ActiveCfg = Debug|Any CPU
		{DD34C4C8-67DA-44AD-BE4D-5C5C76C07AE3}.Debug|iPhone.Build.0 = Debug|Any CPU
		{DD34C4C8-67DA-44AD-BE4D-5C5C76C07AE3}.Release|iPhone.ActiveCfg = Release|Any CPU
		{DD34C4C8-67DA-44AD-BE4D-5C5C76C07AE3}.Release|iPhone.Build.0 = Release|Any CPU
		{27A884A1-71BC-43CE-B17B-69325B84A41A}.Debug|Any CPU.ActiveCfg = Debug|iPhoneSimulator
		{27A884A1-71BC-43CE-B17B-69325B84A41A}.Debug|Any CPU.Build.0 = Debug|iPhoneSimulator
		{27A884A1-71BC-43CE-B17B-69325B84A41A}.Release|Any CPU.ActiveCfg = Release|iPhoneSimulator
		{27A884A1-71BC-43CE-B17B-69325B84A41A}.Release|Any CPU.Build.0 = Release|iPhoneSimulator
		{27A884A1-71BC-43CE-B17B-69325B84A41A}.Debug|iPhoneSimulator.ActiveCfg = Debug|iPhoneSimulator
		{27A884A1-71BC-43CE-B17B-69325B84A41A}.Debug|iPhoneSimulator.Build.0 = Debug|iPhoneSimulator
		{27A884A1-71BC-43CE-B17B-69325B84A41A}.Release|iPhoneSimulator.ActiveCfg = Release|iPhoneSimulator
		{27A884A1-71BC-43CE-B17B-69325B84A41A}.Release|iPhoneSimulator.Build.0 = Release|iPhoneSimulator
		{27A884A1-71BC-43CE-B17B-69325B84A41A}.Debug|iPhone.ActiveCfg = Debug|iPhone
		{27A884A1-71BC-43CE-B17B-69325B84A41A}.Debug|iPhone.Build.0 = Debug|iPhone
		{27A884A1-71BC-43CE-B17B-69325B84A41A}.Release|iPhone.ActiveCfg = Release|iPhone
		{27A884A1-71BC-43CE-B17B-69325B84A41A}.Release|iPhone.Build.0 = Release|iPhone
		{9E1D85B4-E09F-446B-879A-AE6CFE6BE665}.Debug|Any CPU.ActiveCfg = Debug|Any CPU
		{9E1D85B4-E09F-446B-879A-AE6CFE6BE665}.Debug|Any CPU.Build.0 = Debug|Any CPU
		{9E1D85B4-E09F-446B-879A-AE6CFE6BE665}.Release|Any CPU.ActiveCfg = Release|Any CPU
		{9E1D85B4-E09F-446B-879A-AE6CFE6BE665}.Release|Any CPU.Build.0 = Release|Any CPU
		{9E1D85B4-E09F-446B-879A-AE6CFE6BE665}.Debug|iPhoneSimulator.ActiveCfg = Debug|Any CPU
		{9E1D85B4-E09F-446B-879A-AE6CFE6BE665}.Debug|iPhoneSimulator.Build.0 = Debug|Any CPU
		{9E1D85B4-E09F-446B-879A-AE6CFE6BE665}.Release|iPhoneSimulator.ActiveCfg = Release|Any CPU
		{9E1D85B4-E09F-446B-879A-AE6CFE6BE665}.Release|iPhoneSimulator.Build.0 = Release|Any CPU
		{9E1D85B4-E09F-446B-879A-AE6CFE6BE665}.Debug|iPhone.ActiveCfg = Debug|Any CPU
		{9E1D85B4-E09F-446B-879A-AE6CFE6BE665}.Debug|iPhone.Build.0 = Debug|Any CPU
		{9E1D85B4-E09F-446B-879A-AE6CFE6BE665}.Release|iPhone.ActiveCfg = Release|Any CPU
		{9E1D85B4-E09F-446B-879A-AE6CFE6BE665}.Release|iPhone.Build.0 = Release|Any CPU
	EndGlobalSection
EndGlobal
